// !$*UTF8*$!
{
	archiveVersion = 1;
	classes = {
	};
	objectVersion = 56;
	objects = {

/* Begin PBXBuildFile section */
		3FC655632BFF9748001DA41C /* NotificationCenterApp.swift in Sources */ = {isa = PBXBuildFile; fileRef = 3FC655622BFF9748001DA41C /* NotificationCenterApp.swift */; };
		3FC655652BFF9748001DA41C /* ContentView.swift in Sources */ = {isa = PBXBuildFile; fileRef = 3FC655642BFF9748001DA41C /* ContentView.swift */; };
		3FC655672BFF974A001DA41C /* Assets.xcassets in Resources */ = {isa = PBXBuildFile; fileRef = 3FC655662BFF974A001DA41C /* Assets.xcassets */; };
		3FC6556A2BFF974A001DA41C /* Preview Assets.xcassets in Resources */ = {isa = PBXBuildFile; fileRef = 3FC655692BFF974A001DA41C /* Preview Assets.xcassets */; };
		3FC655742BFF974A001DA41C /* NotificationCenterTests.swift in Sources */ = {isa = PBXBuildFile; fileRef = 3FC655732BFF974A001DA41C /* NotificationCenterTests.swift */; };
		3FC6557E2BFF974A001DA41C /* NotificationCenterUITests.swift in Sources */ = {isa = PBXBuildFile; fileRef = 3FC6557D2BFF974A001DA41C /* NotificationCenterUITests.swift */; };
		3FC655802BFF974A001DA41C /* NotificationCenterUITestsLaunchTests.swift in Sources */ = {isa = PBXBuildFile; fileRef = 3FC6557F2BFF974A001DA41C /* NotificationCenterUITestsLaunchTests.swift */; };
/* End PBXBuildFile section */

/* Begin PBXContainerItemProxy section */
		3FC655702BFF974A001DA41C /* PBXContainerItemProxy */ = {
			isa = PBXContainerItemProxy;
			containerPortal = 3FC655572BFF9748001DA41C /* Project object */;
			proxyType = 1;
			remoteGlobalIDString = 3FC6555E2BFF9748001DA41C;
			remoteInfo = NotificationCenter;
		};
		3FC6557A2BFF974A001DA41C /* PBXContainerItemProxy */ = {
			isa = PBXContainerItemProxy;
			containerPortal = 3FC655572BFF9748001DA41C /* Project object */;
			proxyType = 1;
			remoteGlobalIDString = 3FC6555E2BFF9748001DA41C;
			remoteInfo = NotificationCenter;
		};
/* End PBXContainerItemProxy section */

/* Begin PBXFileReference section */
		3FC6555F2BFF9748001DA41C /* NotificationCenter.app */ = {isa = PBXFileReference; explicitFileType = wrapper.application; includeInIndex = 0; path = NotificationCenter.app; sourceTree = BUILT_PRODUCTS_DIR; };
		3FC655622BFF9748001DA41C /* NotificationCenterApp.swift */ = {isa = PBXFileReference; lastKnownFileType = sourcecode.swift; path = NotificationCenterApp.swift; sourceTree = "<group>"; };
		3FC655642BFF9748001DA41C /* ContentView.swift */ = {isa = PBXFileReference; lastKnownFileType = sourcecode.swift; path = ContentView.swift; sourceTree = "<group>"; };
		3FC655662BFF974A001DA41C /* Assets.xcassets */ = {isa = PBXFileReference; lastKnownFileType = folder.assetcatalog; path = Assets.xcassets; sourceTree = "<group>"; };
		3FC655692BFF974A001DA41C /* Preview Assets.xcassets */ = {isa = PBXFileReference; lastKnownFileType = folder.assetcatalog; path = "Preview Assets.xcassets"; sourceTree = "<group>"; };
		3FC6556F2BFF974A001DA41C /* NotificationCenterTests.xctest */ = {isa = PBXFileReference; explicitFileType = wrapper.cfbundle; includeInIndex = 0; path = NotificationCenterTests.xctest; sourceTree = BUILT_PRODUCTS_DIR; };
		3FC655732BFF974A001DA41C /* NotificationCenterTests.swift */ = {isa = PBXFileReference; lastKnownFileType = sourcecode.swift; path = NotificationCenterTests.swift; sourceTree = "<group>"; };
		3FC655792BFF974A001DA41C /* NotificationCenterUITests.xctest */ = {isa = PBXFileReference; explicitFileType = wrapper.cfbundle; includeInIndex = 0; path = NotificationCenterUITests.xctest; sourceTree = BUILT_PRODUCTS_DIR; };
		3FC6557D2BFF974A001DA41C /* NotificationCenterUITests.swift */ = {isa = PBXFileReference; lastKnownFileType = sourcecode.swift; path = NotificationCenterUITests.swift; sourceTree = "<group>"; };
		3FC6557F2BFF974A001DA41C /* NotificationCenterUITestsLaunchTests.swift */ = {isa = PBXFileReference; lastKnownFileType = sourcecode.swift; path = NotificationCenterUITestsLaunchTests.swift; sourceTree = "<group>"; };
/* End PBXFileReference section */

/* Begin PBXFrameworksBuildPhase section */
		3FC6555C2BFF9748001DA41C /* Frameworks */ = {
			isa = PBXFrameworksBuildPhase;
			buildActionMask = 2147483647;
			files = (
			);
			runOnlyForDeploymentPostprocessing = 0;
		};
		3FC6556C2BFF974A001DA41C /* Frameworks */ = {
			isa = PBXFrameworksBuildPhase;
			buildActionMask = 2147483647;
			files = (
			);
			runOnlyForDeploymentPostprocessing = 0;
		};
		3FC655762BFF974A001DA41C /* Frameworks */ = {
			isa = PBXFrameworksBuildPhase;
			buildActionMask = 2147483647;
			files = (
			);
			runOnlyForDeploymentPostprocessing = 0;
		};
/* End PBXFrameworksBuildPhase section */

/* Begin PBXGroup section */
		3FC655562BFF9748001DA41C = {
			isa = PBXGroup;
			children = (
				3FC655612BFF9748001DA41C /* NotificationCenter */,
				3FC655722BFF974A001DA41C /* NotificationCenterTests */,
				3FC6557C2BFF974A001DA41C /* NotificationCenterUITests */,
				3FC655602BFF9748001DA41C /* Products */,
			);
			sourceTree = "<group>";
		};
		3FC655602BFF9748001DA41C /* Products */ = {
			isa = PBXGroup;
			children = (
				3FC6555F2BFF9748001DA41C /* NotificationCenter.app */,
				3FC6556F2BFF974A001DA41C /* NotificationCenterTests.xctest */,
				3FC655792BFF974A001DA41C /* NotificationCenterUITests.xctest */,
			);
			name = Products;
			sourceTree = "<group>";
		};
		3FC655612BFF9748001DA41C /* NotificationCenter */ = {
			isa = PBXGroup;
			children = (
				3FC655622BFF9748001DA41C /* NotificationCenterApp.swift */,
				3FC655642BFF9748001DA41C /* ContentView.swift */,
				3FC655662BFF974A001DA41C /* Assets.xcassets */,
				3FC655682BFF974A001DA41C /* Preview Content */,
			);
			path = NotificationCenter;
			sourceTree = "<group>";
		};
		3FC655682BFF974A001DA41C /* Preview Content */ = {
			isa = PBXGroup;
			children = (
				3FC655692BFF974A001DA41C /* Preview Assets.xcassets */,
			);
			path = "Preview Content";
			sourceTree = "<group>";
		};
		3FC655722BFF974A001DA41C /* NotificationCenterTests */ = {
			isa = PBXGroup;
			children = (
				3FC655732BFF974A001DA41C /* NotificationCenterTests.swift */,
			);
			path = NotificationCenterTests;
			sourceTree = "<group>";
		};
		3FC6557C2BFF974A001DA41C /* NotificationCenterUITests */ = {
			isa = PBXGroup;
			children = (
				3FC6557D2BFF974A001DA41C /* NotificationCenterUITests.swift */,
				3FC6557F2BFF974A001DA41C /* NotificationCenterUITestsLaunchTests.swift */,
			);
			path = NotificationCenterUITests;
			sourceTree = "<group>";
		};
/* End PBXGroup section */

/* Begin PBXNativeTarget section */
		3FC6555E2BFF9748001DA41C /* NotificationCenter */ = {
			isa = PBXNativeTarget;
			buildConfigurationList = 3FC655832BFF974A001DA41C /* Build configuration list for PBXNativeTarget "NotificationCenter" */;
			buildPhases = (
				3FC6555B2BFF9748001DA41C /* Sources */,
				3FC6555C2BFF9748001DA41C /* Frameworks */,
				3FC6555D2BFF9748001DA41C /* Resources */,
			);
			buildRules = (
			);
			dependencies = (
			);
			name = NotificationCenter;
			productName = NotificationCenter;
			productReference = 3FC6555F2BFF9748001DA41C /* NotificationCenter.app */;
			productType = "com.apple.product-type.application";
		};
		3FC6556E2BFF974A001DA41C /* NotificationCenterTests */ = {
			isa = PBXNativeTarget;
			buildConfigurationList = 3FC655862BFF974A001DA41C /* Build configuration list for PBXNativeTarget "NotificationCenterTests" */;
			buildPhases = (
				3FC6556B2BFF974A001DA41C /* Sources */,
				3FC6556C2BFF974A001DA41C /* Frameworks */,
				3FC6556D2BFF974A001DA41C /* Resources */,
			);
			buildRules = (
			);
			dependencies = (
				3FC655712BFF974A001DA41C /* PBXTargetDependency */,
			);
			name = NotificationCenterTests;
			productName = NotificationCenterTests;
			productReference = 3FC6556F2BFF974A001DA41C /* NotificationCenterTests.xctest */;
			productType = "com.apple.product-type.bundle.unit-test";
		};
		3FC655782BFF974A001DA41C /* NotificationCenterUITests */ = {
			isa = PBXNativeTarget;
			buildConfigurationList = 3FC655892BFF974A001DA41C /* Build configuration list for PBXNativeTarget "NotificationCenterUITests" */;
			buildPhases = (
				3FC655752BFF974A001DA41C /* Sources */,
				3FC655762BFF974A001DA41C /* Frameworks */,
				3FC655772BFF974A001DA41C /* Resources */,
			);
			buildRules = (
			);
			dependencies = (
				3FC6557B2BFF974A001DA41C /* PBXTargetDependency */,
			);
			name = NotificationCenterUITests;
			productName = NotificationCenterUITests;
			productReference = 3FC655792BFF974A001DA41C /* NotificationCenterUITests.xctest */;
			productType = "com.apple.product-type.bundle.ui-testing";
		};
/* End PBXNativeTarget section */

/* Begin PBXProject section */
		3FC655572BFF9748001DA41C /* Project object */ = {
			isa = PBXProject;
			attributes = {
				BuildIndependentTargetsInParallel = 1;
				LastSwiftUpdateCheck = 1520;
				LastUpgradeCheck = 1520;
				TargetAttributes = {
					3FC6555E2BFF9748001DA41C = {
						CreatedOnToolsVersion = 15.2;
					};
					3FC6556E2BFF974A001DA41C = {
						CreatedOnToolsVersion = 15.2;
						TestTargetID = 3FC6555E2BFF9748001DA41C;
					};
					3FC655782BFF974A001DA41C = {
						CreatedOnToolsVersion = 15.2;
						TestTargetID = 3FC6555E2BFF9748001DA41C;
					};
				};
			};
			buildConfigurationList = 3FC6555A2BFF9748001DA41C /* Build configuration list for PBXProject "NotificationCenter" */;
			compatibilityVersion = "Xcode 14.0";
			developmentRegion = en;
			hasScannedForEncodings = 0;
			knownRegions = (
				en,
				Base,
			);
			mainGroup = 3FC655562BFF9748001DA41C;
			productRefGroup = 3FC655602BFF9748001DA41C /* Products */;
			projectDirPath = "";
			projectRoot = "";
			targets = (
				3FC6555E2BFF9748001DA41C /* NotificationCenter */,
				3FC6556E2BFF974A001DA41C /* NotificationCenterTests */,
				3FC655782BFF974A001DA41C /* NotificationCenterUITests */,
			);
		};
/* End PBXProject section */

/* Begin PBXResourcesBuildPhase section */
		3FC6555D2BFF9748001DA41C /* Resources */ = {
			isa = PBXResourcesBuildPhase;
			buildActionMask = 2147483647;
			files = (
				3FC6556A2BFF974A001DA41C /* Preview Assets.xcassets in Resources */,
				3FC655672BFF974A001DA41C /* Assets.xcassets in Resources */,
			);
			runOnlyForDeploymentPostprocessing = 0;
		};
		3FC6556D2BFF974A001DA41C /* Resources */ = {
			isa = PBXResourcesBuildPhase;
			buildActionMask = 2147483647;
			files = (
			);
			runOnlyForDeploymentPostprocessing = 0;
		};
		3FC655772BFF974A001DA41C /* Resources */ = {
			isa = PBXResourcesBuildPhase;
			buildActionMask = 2147483647;
			files = (
			);
			runOnlyForDeploymentPostprocessing = 0;
		};
/* End PBXResourcesBuildPhase section */

/* Begin PBXSourcesBuildPhase section */
		3FC6555B2BFF9748001DA41C /* Sources */ = {
			isa = PBXSourcesBuildPhase;
			buildActionMask = 2147483647;
			files = (
				3FC655652BFF9748001DA41C /* ContentView.swift in Sources */,
				3FC655632BFF9748001DA41C /* NotificationCenterApp.swift in Sources */,
			);
			runOnlyForDeploymentPostprocessing = 0;
		};
		3FC6556B2BFF974A001DA41C /* Sources */ = {
			isa = PBXSourcesBuildPhase;
			buildActionMask = 2147483647;
			files = (
				3FC655742BFF974A001DA41C /* NotificationCenterTests.swift in Sources */,
			);
			runOnlyForDeploymentPostprocessing = 0;
		};
		3FC655752BFF974A001DA41C /* Sources */ = {
			isa = PBXSourcesBuildPhase;
			buildActionMask = 2147483647;
			files = (
				3FC655802BFF974A001DA41C /* NotificationCenterUITestsLaunchTests.swift in Sources */,
				3FC6557E2BFF974A001DA41C /* NotificationCenterUITests.swift in Sources */,
			);
			runOnlyForDeploymentPostprocessing = 0;
		};
/* End PBXSourcesBuildPhase section */

/* Begin PBXTargetDependency section */
		3FC655712BFF974A001DA41C /* PBXTargetDependency */ = {
			isa = PBXTargetDependency;
			target = 3FC6555E2BFF9748001DA41C /* NotificationCenter */;
			targetProxy = 3FC655702BFF974A001DA41C /* PBXContainerItemProxy */;
		};
		3FC6557B2BFF974A001DA41C /* PBXTargetDependency */ = {
			isa = PBXTargetDependency;
			target = 3FC6555E2BFF9748001DA41C /* NotificationCenter */;
			targetProxy = 3FC6557A2BFF974A001DA41C /* PBXContainerItemProxy */;
		};
/* End PBXTargetDependency section */

/* Begin XCBuildConfiguration section */
		3FC655812BFF974A001DA41C /* Debug */ = {
			isa = XCBuildConfiguration;
			buildSettings = {
				ALWAYS_SEARCH_USER_PATHS = NO;
				ASSETCATALOG_COMPILER_GENERATE_SWIFT_ASSET_SYMBOL_EXTENSIONS = YES;
				CLANG_ANALYZER_NONNULL = YES;
				CLANG_ANALYZER_NUMBER_OBJECT_CONVERSION = YES_AGGRESSIVE;
				CLANG_CXX_LANGUAGE_STANDARD = "gnu++20";
				CLANG_ENABLE_MODULES = YES;
				CLANG_ENABLE_OBJC_ARC = YES;
				CLANG_ENABLE_OBJC_WEAK = YES;
				CLANG_WARN_BLOCK_CAPTURE_AUTORELEASING = YES;
				CLANG_WARN_BOOL_CONVERSION = YES;
				CLANG_WARN_COMMA = YES;
				CLANG_WARN_CONSTANT_CONVERSION = YES;
				CLANG_WARN_DEPRECATED_OBJC_IMPLEMENTATIONS = YES;
				CLANG_WARN_DIRECT_OBJC_ISA_USAGE = YES_ERROR;
				CLANG_WARN_DOCUMENTATION_COMMENTS = YES;
				CLANG_WARN_EMPTY_BODY = YES;
				CLANG_WARN_ENUM_CONVERSION = YES;
				CLANG_WARN_INFINITE_RECURSION = YES;
				CLANG_WARN_INT_CONVERSION = YES;
				CLANG_WARN_NON_LITERAL_NULL_CONVERSION = YES;
				CLANG_WARN_OBJC_IMPLICIT_RETAIN_SELF = YES;
				CLANG_WARN_OBJC_LITERAL_CONVERSION = YES;
				CLANG_WARN_OBJC_ROOT_CLASS = YES_ERROR;
				CLANG_WARN_QUOTED_INCLUDE_IN_FRAMEWORK_HEADER = YES;
				CLANG_WARN_RANGE_LOOP_ANALYSIS = YES;
				CLANG_WARN_STRICT_PROTOTYPES = YES;
				CLANG_WARN_SUSPICIOUS_MOVE = YES;
				CLANG_WARN_UNGUARDED_AVAILABILITY = YES_AGGRESSIVE;
				CLANG_WARN_UNREACHABLE_CODE = YES;
				CLANG_WARN__DUPLICATE_METHOD_MATCH = YES;
				COPY_PHASE_STRIP = NO;
				DEBUG_INFORMATION_FORMAT = dwarf;
				ENABLE_STRICT_OBJC_MSGSEND = YES;
				ENABLE_TESTABILITY = YES;
				ENABLE_USER_SCRIPT_SANDBOXING = YES;
				GCC_C_LANGUAGE_STANDARD = gnu17;
				GCC_DYNAMIC_NO_PIC = NO;
				GCC_NO_COMMON_BLOCKS = YES;
				GCC_OPTIMIZATION_LEVEL = 0;
				GCC_PREPROCESSOR_DEFINITIONS = (
					"DEBUG=1",
					"$(inherited)",
				);
				GCC_WARN_64_TO_32_BIT_CONVERSION = YES;
				GCC_WARN_ABOUT_RETURN_TYPE = YES_ERROR;
				GCC_WARN_UNDECLARED_SELECTOR = YES;
				GCC_WARN_UNINITIALIZED_AUTOS = YES_AGGRESSIVE;
				GCC_WARN_UNUSED_FUNCTION = YES;
				GCC_WARN_UNUSED_VARIABLE = YES;
				IPHONEOS_DEPLOYMENT_TARGET = 17.2;
				LOCALIZATION_PREFERS_STRING_CATALOGS = YES;
				MTL_ENABLE_DEBUG_INFO = INCLUDE_SOURCE;
				MTL_FAST_MATH = YES;
				ONLY_ACTIVE_ARCH = YES;
				SDKROOT = iphoneos;
				SWIFT_ACTIVE_COMPILATION_CONDITIONS = "DEBUG $(inherited)";
				SWIFT_OPTIMIZATION_LEVEL = "-Onone";
			};
			name = Debug;
		};
		3FC655822BFF974A001DA41C /* Release */ = {
			isa = XCBuildConfiguration;
			buildSettings = {
				ALWAYS_SEARCH_USER_PATHS = NO;
				ASSETCATALOG_COMPILER_GENERATE_SWIFT_ASSET_SYMBOL_EXTENSIONS = YES;
				CLANG_ANALYZER_NONNULL = YES;
				CLANG_ANALYZER_NUMBER_OBJECT_CONVERSION = YES_AGGRESSIVE;
				CLANG_CXX_LANGUAGE_STANDARD = "gnu++20";
				CLANG_ENABLE_MODULES = YES;
				CLANG_ENABLE_OBJC_ARC = YES;
				CLANG_ENABLE_OBJC_WEAK = YES;
				CLANG_WARN_BLOCK_CAPTURE_AUTORELEASING = YES;
				CLANG_WARN_BOOL_CONVERSION = YES;
				CLANG_WARN_COMMA = YES;
				CLANG_WARN_CONSTANT_CONVERSION = YES;
				CLANG_WARN_DEPRECATED_OBJC_IMPLEMENTATIONS = YES;
				CLANG_WARN_DIRECT_OBJC_ISA_USAGE = YES_ERROR;
				CLANG_WARN_DOCUMENTATION_COMMENTS = YES;
				CLANG_WARN_EMPTY_BODY = YES;
				CLANG_WARN_ENUM_CONVERSION = YES;
				CLANG_WARN_INFINITE_RECURSION = YES;
				CLANG_WARN_INT_CONVERSION = YES;
				CLANG_WARN_NON_LITERAL_NULL_CONVERSION = YES;
				CLANG_WARN_OBJC_IMPLICIT_RETAIN_SELF = YES;
				CLANG_WARN_OBJC_LITERAL_CONVERSION = YES;
				CLANG_WARN_OBJC_ROOT_CLASS = YES_ERROR;
				CLANG_WARN_QUOTED_INCLUDE_IN_FRAMEWORK_HEADER = YES;
				CLANG_WARN_RANGE_LOOP_ANALYSIS = YES;
				CLANG_WARN_STRICT_PROTOTYPES = YES;
				CLANG_WARN_SUSPICIOUS_MOVE = YES;
				CLANG_WARN_UNGUARDED_AVAILABILITY = YES_AGGRESSIVE;
				CLANG_WARN_UNREACHABLE_CODE = YES;
				CLANG_WARN__DUPLICATE_METHOD_MATCH = YES;
				COPY_PHASE_STRIP = NO;
				DEBUG_INFORMATION_FORMAT = "dwarf-with-dsym";
				ENABLE_NS_ASSERTIONS = NO;
				ENABLE_STRICT_OBJC_MSGSEND = YES;
				ENABLE_USER_SCRIPT_SANDBOXING = YES;
				GCC_C_LANGUAGE_STANDARD = gnu17;
				GCC_NO_COMMON_BLOCKS = YES;
				GCC_WARN_64_TO_32_BIT_CONVERSION = YES;
				GCC_WARN_ABOUT_RETURN_TYPE = YES_ERROR;
				GCC_WARN_UNDECLARED_SELECTOR = YES;
				GCC_WARN_UNINITIALIZED_AUTOS = YES_AGGRESSIVE;
				GCC_WARN_UNUSED_FUNCTION = YES;
				GCC_WARN_UNUSED_VARIABLE = YES;
				IPHONEOS_DEPLOYMENT_TARGET = 17.2;
				LOCALIZATION_PREFERS_STRING_CATALOGS = YES;
				MTL_ENABLE_DEBUG_INFO = NO;
				MTL_FAST_MATH = YES;
				SDKROOT = iphoneos;
				SWIFT_COMPILATION_MODE = wholemodule;
				VALIDATE_PRODUCT = YES;
			};
			name = Release;
		};
		3FC655842BFF974A001DA41C /* Debug */ = {
			isa = XCBuildConfiguration;
			buildSettings = {
				ASSETCATALOG_COMPILER_APPICON_NAME = AppIcon;
				ASSETCATALOG_COMPILER_GLOBAL_ACCENT_COLOR_NAME = AccentColor;
				CODE_SIGN_STYLE = Automatic;
				CURRENT_PROJECT_VERSION = 1;
				DEVELOPMENT_ASSET_PATHS = "\"NotificationCenter/Preview Content\"";
				DEVELOPMENT_TEAM = G8LS5S2LHS;
				ENABLE_PREVIEWS = YES;
				GENERATE_INFOPLIST_FILE = YES;
				INFOPLIST_KEY_UIApplicationSceneManifest_Generation = YES;
				INFOPLIST_KEY_UIApplicationSupportsIndirectInputEvents = YES;
				INFOPLIST_KEY_UILaunchScreen_Generation = YES;
				INFOPLIST_KEY_UISupportedInterfaceOrientations_iPad = "UIInterfaceOrientationPortrait UIInterfaceOrientationPortraitUpsideDown UIInterfaceOrientationLandscapeLeft UIInterfaceOrientationLandscapeRight";
				INFOPLIST_KEY_UISupportedInterfaceOrientations_iPhone = "UIInterfaceOrientationPortrait UIInterfaceOrientationLandscapeLeft UIInterfaceOrientationLandscapeRight";
				LD_RUNPATH_SEARCH_PATHS = (
					"$(inherited)",
					"@executable_path/Frameworks",
				);
				MARKETING_VERSION = 1.0;
				PRODUCT_BUNDLE_IDENTIFIER = com.emre.NotificationCenter;
				PRODUCT_NAME = "$(TARGET_NAME)";
				SWIFT_EMIT_LOC_STRINGS = YES;
				SWIFT_VERSION = 5.0;
				TARGETED_DEVICE_FAMILY = "1,2";
			};
			name = Debug;
		};
		3FC655852BFF974A001DA41C /* Release */ = {
			isa = XCBuildConfiguration;
			buildSettings = {
				ASSETCATALOG_COMPILER_APPICON_NAME = AppIcon;
				ASSETCATALOG_COMPILER_GLOBAL_ACCENT_COLOR_NAME = AccentColor;
				CODE_SIGN_STYLE = Automatic;
				CURRENT_PROJECT_VERSION = 1;
				DEVELOPMENT_ASSET_PATHS = "\"NotificationCenter/Preview Content\"";
				DEVELOPMENT_TEAM = G8LS5S2LHS;
				ENABLE_PREVIEWS = YES;
				GENERATE_INFOPLIST_FILE = YES;
				INFOPLIST_KEY_UIApplicationSceneManifest_Generation = YES;
				INFOPLIST_KEY_UIApplicationSupportsIndirectInputEvents = YES;
				INFOPLIST_KEY_UILaunchScreen_Generation = YES;
				INFOPLIST_KEY_UISupportedInterfaceOrientations_iPad = "UIInterfaceOrientationPortrait UIInterfaceOrientationPortraitUpsideDown UIInterfaceOrientationLandscapeLeft UIInterfaceOrientationLandscapeRight";
				INFOPLIST_KEY_UISupportedInterfaceOrientations_iPhone = "UIInterfaceOrientationPortrait UIInterfaceOrientationLandscapeLeft UIInterfaceOrientationLandscapeRight";
				LD_RUNPATH_SEARCH_PATHS = (
					"$(inherited)",
					"@executable_path/Frameworks",
				);
				MARKETING_VERSION = 1.0;
				PRODUCT_BUNDLE_IDENTIFIER = com.emre.NotificationCenter;
				PRODUCT_NAME = "$(TARGET_NAME)";
				SWIFT_EMIT_LOC_STRINGS = YES;
				SWIFT_VERSION = 5.0;
				TARGETED_DEVICE_FAMILY = "1,2";
			};
			name = Release;
		};
		3FC655872BFF974A001DA41C /* Debug */ = {
			isa = XCBuildConfiguration;
			buildSettings = {
				ALWAYS_EMBED_SWIFT_STANDARD_LIBRARIES = YES;
				BUNDLE_LOADER = "$(TEST_HOST)";
				CODE_SIGN_STYLE = Automatic;
				CURRENT_PROJECT_VERSION = 1;
				DEVELOPMENT_TEAM = G8LS5S2LHS;
				GENERATE_INFOPLIST_FILE = YES;
				IPHONEOS_DEPLOYMENT_TARGET = 17.2;
				MARKETING_VERSION = 1.0;
				PRODUCT_BUNDLE_IDENTIFIER = com.emre.NotificationCenterTests;
				PRODUCT_NAME = "$(TARGET_NAME)";
				SWIFT_EMIT_LOC_STRINGS = NO;
				SWIFT_VERSION = 5.0;
				TARGETED_DEVICE_FAMILY = "1,2";
				TEST_HOST = "$(BUILT_PRODUCTS_DIR)/NotificationCenter.app/$(BUNDLE_EXECUTABLE_FOLDER_PATH)/NotificationCenter";
			};
			name = Debug;
		};
		3FC655882BFF974A001DA41C /* Release */ = {
			isa = XCBuildConfiguration;
			buildSettings = {
				ALWAYS_EMBED_SWIFT_STANDARD_LIBRARIES = YES;
				BUNDLE_LOADER = "$(TEST_HOST)";
				CODE_SIGN_STYLE = Automatic;
				CURRENT_PROJECT_VERSION = 1;
				DEVELOPMENT_TEAM = G8LS5S2LHS;
				GENERATE_INFOPLIST_FILE = YES;
				IPHONEOS_DEPLOYMENT_TARGET = 17.2;
				MARKETING_VERSION = 1.0;
				PRODUCT_BUNDLE_IDENTIFIER = com.emre.NotificationCenterTests;
				PRODUCT_NAME = "$(TARGET_NAME)";
				SWIFT_EMIT_LOC_STRINGS = NO;
				SWIFT_VERSION = 5.0;
				TARGETED_DEVICE_FAMILY = "1,2";
				TEST_HOST = "$(BUILT_PRODUCTS_DIR)/NotificationCenter.app/$(BUNDLE_EXECUTABLE_FOLDER_PATH)/NotificationCenter";
			};
			name = Release;
		};
		3FC6558A2BFF974A001DA41C /* Debug */ = {
			isa = XCBuildConfiguration;
			buildSettings = {
				ALWAYS_EMBED_SWIFT_STANDARD_LIBRARIES = YES;
				CODE_SIGN_STYLE = Automatic;
				CURRENT_PROJECT_VERSION = 1;
				DEVELOPMENT_TEAM = G8LS5S2LHS;
				GENERATE_INFOPLIST_FILE = YES;
				MARKETING_VERSION = 1.0;
				PRODUCT_BUNDLE_IDENTIFIER = com.emre.NotificationCenterUITests;
				PRODUCT_NAME = "$(TARGET_NAME)";
				SWIFT_EMIT_LOC_STRINGS = NO;
				SWIFT_VERSION = 5.0;
				TARGETED_DEVICE_FAMILY = "1,2";
				TEST_TARGET_NAME = NotificationCenter;
			};
			name = Debug;
		};
		3FC6558B2BFF974A001DA41C /* Release */ = {
			isa = XCBuildConfiguration;
			buildSettings = {
				ALWAYS_EMBED_SWIFT_STANDARD_LIBRARIES = YES;
				CODE_SIGN_STYLE = Automatic;
				CURRENT_PROJECT_VERSION = 1;
				DEVELOPMENT_TEAM = G8LS5S2LHS;
				GENERATE_INFOPLIST_FILE = YES;
				MARKETING_VERSION = 1.0;
				PRODUCT_BUNDLE_IDENTIFIER = com.emre.NotificationCenterUITests;
				PRODUCT_NAME = "$(TARGET_NAME)";
				SWIFT_EMIT_LOC_STRINGS = NO;
				SWIFT_VERSION = 5.0;
				TARGETED_DEVICE_FAMILY = "1,2";
				TEST_TARGET_NAME = NotificationCenter;
			};
			name = Release;
		};
/* End XCBuildConfiguration section */

/* Begin XCConfigurationList section */
		3FC6555A2BFF9748001DA41C /* Build configuration list for PBXProject "NotificationCenter" */ = {
			isa = XCConfigurationList;
			buildConfigurations = (
				3FC655812BFF974A001DA41C /* Debug */,
				3FC655822BFF974A001DA41C /* Release */,
			);
			defaultConfigurationIsVisible = 0;
			defaultConfigurationName = Release;
		};
		3FC655832BFF974A001DA41C /* Build configuration list for PBXNativeTarget "NotificationCenter" */ = {
			isa = XCConfigurationList;
			buildConfigurations = (
				3FC655842BFF974A001DA41C /* Debug */,
				3FC655852BFF974A001DA41C /* Release */,
			);
			defaultConfigurationIsVisible = 0;
			defaultConfigurationName = Release;
		};
		3FC655862BFF974A001DA41C /* Build configuration list for PBXNativeTarget "NotificationCenterTests" */ = {
			isa = XCConfigurationList;
			buildConfigurations = (
				3FC655872BFF974A001DA41C /* Debug */,
				3FC655882BFF974A001DA41C /* Release */,
			);
			defaultConfigurationIsVisible = 0;
			defaultConfigurationName = Release;
		};
		3FC655892BFF974A001DA41C /* Build configuration list for PBXNativeTarget "NotificationCenterUITests" */ = {
			isa = XCConfigurationList;
			buildConfigurations = (
				3FC6558A2BFF974A001DA41C /* Debug */,
				3FC6558B2BFF974A001DA41C /* Release */,
			);
			defaultConfigurationIsVisible = 0;
			defaultConfigurationName = Release;
		};
/* End XCConfigurationList section */
	};
	rootObject = 3FC655572BFF9748001DA41C /* Project object */;
}
